
Microsoft Visual Studio Solution File, Format Version 12.00
# Visual Studio Version 16
VisualStudioVersion = 16.0.30204.135
MinimumVisualStudioVersion = 10.0.40219.1
Project("{FAE04EC0-301F-11D3-BF4B-00C04F79EFBC}") = "Programlama-Dilleri-Tez-Kontrol-Sistemi", "Programlama-Dilleri-Tez-Kontrol-Sistemi.csproj", "{8C204AB0-A5ED-423B-BAC8-3F1022ADD5B0}"
EndProject
Global
	GlobalSection(SolutionConfigurationPlatforms) = preSolution
		Debug|Any CPU = Debug|Any CPU
		Release|Any CPU = Release|Any CPU
	EndGlobalSection
	GlobalSection(ProjectConfigurationPlatforms) = postSolution
		{8C204AB0-A5ED-423B-BAC8-3F1022ADD5B0}.Debug|Any CPU.ActiveCfg = Debug|Any CPU
		{8C204AB0-A5ED-423B-BAC8-3F1022ADD5B0}.Debug|Any CPU.Build.0 = Debug|Any CPU
		{8C204AB0-A5ED-423B-BAC8-3F1022ADD5B0}.Release|Any CPU.ActiveCfg = Release|Any CPU
		{8C204AB0-A5ED-423B-BAC8-3F1022ADD5B0}.Release|Any CPU.Build.0 = Release|Any CPU
	EndGlobalSection
	GlobalSection(SolutionProperties) = preSolution
		HideSolutionNode = FALSE
	EndGlobalSection
	GlobalSection(ExtensibilityGlobals) = postSolution
		SolutionGuid = {C00AB8A1-6076-48D2-B430-90D23782FEA5}
	EndGlobalSection
EndGlobal
